
Microsoft Visual Studio Solution File, Format Version 12.00
# Visual Studio Version 17
VisualStudioVersion = 17.14.36414.22 d17.14
MinimumVisualStudioVersion = 10.0.40219.1
Project("{FAE04EC0-301F-11D3-BF4B-00C04F79EFBC}") = "WpfAriketa1", "WpfAriketa1\WpfAriketa1.csproj", "{27C5E559-9E4B-4149-8595-2BF135C9EA05}"
EndProject
Global
	GlobalSection(SolutionConfigurationPlatforms) = preSolution
		Debug|Any CPU = Debug|Any CPU
		Release|Any CPU = Release|Any CPU
	EndGlobalSection
	GlobalSection(ProjectConfigurationPlatforms) = postSolution
		{27C5E559-9E4B-4149-8595-2BF135C9EA05}.Debug|Any CPU.ActiveCfg = Debug|Any CPU
		{27C5E559-9E4B-4149-8595-2BF135C9EA05}.Debug|Any CPU.Build.0 = Debug|Any CPU
		{27C5E559-9E4B-4149-8595-2BF135C9EA05}.Release|Any CPU.ActiveCfg = Release|Any CPU
		{27C5E559-9E4B-4149-8595-2BF135C9EA05}.Release|Any CPU.Build.0 = Release|Any CPU
	EndGlobalSection
	GlobalSection(SolutionProperties) = preSolution
		HideSolutionNode = FALSE
	EndGlobalSection
	GlobalSection(ExtensibilityGlobals) = postSolution
		SolutionGuid = {E768387C-4F6B-4F4F-A28F-F33FFF0631AA}
	EndGlobalSection
EndGlobal
